
Microsoft Visual Studio Solution File, Format Version 12.00
# Visual Studio Version 16
VisualStudioVersion = 16.0.32630.194
MinimumVisualStudioVersion = 10.0.40219.1
Project("{FAE04EC0-301F-11D3-BF4B-00C04F79EFBC}") = "Server", "Server\Server.csproj", "{2CC9398D-BF62-4FAA-BF68-F33E7EF1BFC8}"
EndProject
Project("{2150E333-8FDC-42A3-9474-1A3956D46DE8}") = "BLL", "BLL", "{5446A298-FF57-4F47-BE7E-275294705642}"
EndProject
Project("{2150E333-8FDC-42A3-9474-1A3956D46DE8}") = "DAL", "DAL", "{9FAC6107-AE69-4DA4-A179-CE712700AD3A}"
EndProject
Project("{FAE04EC0-301F-11D3-BF4B-00C04F79EFBC}") = "Server.BLL", "Server.BLL\Server.BLL.csproj", "{C2BA79C6-D01C-4437-B20C-8A657C27B3F4}"
EndProject
Project("{FAE04EC0-301F-11D3-BF4B-00C04F79EFBC}") = "Server.DAL", "Server.DAL\Server.DAL.csproj", "{E14EB9AF-223D-42CA-A93C-34556754ABD1}"
EndProject
Project("{FAE04EC0-301F-11D3-BF4B-00C04F79EFBC}") = "Server.DAL.Interfaces", "Server.DAL.Interfaces\Server.DAL.Interfaces.csproj", "{ADC43052-F604-493A-962F-3D023D6C7D44}"
EndProject
Project("{FAE04EC0-301F-11D3-BF4B-00C04F79EFBC}") = "Server.FtpServer", "Server.FtpServer\Server.FtpServer.csproj", "{D022615C-2126-4130-800D-8C101D2E56C9}"
EndProject
Project("{FAE04EC0-301F-11D3-BF4B-00C04F79EFBC}") = "Server.FtpServer.DTO", "Server.FtpServer.DTO\Server.FtpServer.DTO.csproj", "{95008472-C3B4-4FE1-8F8B-9AE8F40C6DF2}"
EndProject
Project("{2150E333-8FDC-42A3-9474-1A3956D46DE8}") = "Util", "Util", "{A6C668DF-074E-4C16-8BF1-0815E4A962CD}"
EndProject
Project("{FAE04EC0-301F-11D3-BF4B-00C04F79EFBC}") = "Server.Util", "Server.Util\Server.Util.csproj", "{87AC663E-99EE-415A-850F-DF848C2E1516}"
EndProject
Global
	GlobalSection(SolutionConfigurationPlatforms) = preSolution
		Debug|Any CPU = Debug|Any CPU
		Release|Any CPU = Release|Any CPU
	EndGlobalSection
	GlobalSection(ProjectConfigurationPlatforms) = postSolution
		{2CC9398D-BF62-4FAA-BF68-F33E7EF1BFC8}.Debug|Any CPU.ActiveCfg = Debug|Any CPU
		{2CC9398D-BF62-4FAA-BF68-F33E7EF1BFC8}.Debug|Any CPU.Build.0 = Debug|Any CPU
		{2CC9398D-BF62-4FAA-BF68-F33E7EF1BFC8}.Release|Any CPU.ActiveCfg = Release|Any CPU
		{2CC9398D-BF62-4FAA-BF68-F33E7EF1BFC8}.Release|Any CPU.Build.0 = Release|Any CPU
		{C2BA79C6-D01C-4437-B20C-8A657C27B3F4}.Debug|Any CPU.ActiveCfg = Debug|Any CPU
		{C2BA79C6-D01C-4437-B20C-8A657C27B3F4}.Debug|Any CPU.Build.0 = Debug|Any CPU
		{C2BA79C6-D01C-4437-B20C-8A657C27B3F4}.Release|Any CPU.ActiveCfg = Release|Any CPU
		{C2BA79C6-D01C-4437-B20C-8A657C27B3F4}.Release|Any CPU.Build.0 = Release|Any CPU
		{E14EB9AF-223D-42CA-A93C-34556754ABD1}.Debug|Any CPU.ActiveCfg = Debug|Any CPU
		{E14EB9AF-223D-42CA-A93C-34556754ABD1}.Debug|Any CPU.Build.0 = Debug|Any CPU
		{E14EB9AF-223D-42CA-A93C-34556754ABD1}.Release|Any CPU.ActiveCfg = Release|Any CPU
		{E14EB9AF-223D-42CA-A93C-34556754ABD1}.Release|Any CPU.Build.0 = Release|Any CPU
		{ADC43052-F604-493A-962F-3D023D6C7D44}.Debug|Any CPU.ActiveCfg = Debug|Any CPU
		{ADC43052-F604-493A-962F-3D023D6C7D44}.Debug|Any CPU.Build.0 = Debug|Any CPU
		{ADC43052-F604-493A-962F-3D023D6C7D44}.Release|Any CPU.ActiveCfg = Release|Any CPU
		{ADC43052-F604-493A-962F-3D023D6C7D44}.Release|Any CPU.Build.0 = Release|Any CPU
		{D022615C-2126-4130-800D-8C101D2E56C9}.Debug|Any CPU.ActiveCfg = Debug|Any CPU
		{D022615C-2126-4130-800D-8C101D2E56C9}.Debug|Any CPU.Build.0 = Debug|Any CPU
		{D022615C-2126-4130-800D-8C101D2E56C9}.Release|Any CPU.ActiveCfg = Release|Any CPU
		{D022615C-2126-4130-800D-8C101D2E56C9}.Release|Any CPU.Build.0 = Release|Any CPU
		{95008472-C3B4-4FE1-8F8B-9AE8F40C6DF2}.Debug|Any CPU.ActiveCfg = Debug|Any CPU
		{95008472-C3B4-4FE1-8F8B-9AE8F40C6DF2}.Debug|Any CPU.Build.0 = Debug|Any CPU
		{95008472-C3B4-4FE1-8F8B-9AE8F40C6DF2}.Release|Any CPU.ActiveCfg = Release|Any CPU
		{95008472-C3B4-4FE1-8F8B-9AE8F40C6DF2}.Release|Any CPU.Build.0 = Release|Any CPU
		{87AC663E-99EE-415A-850F-DF848C2E1516}.Debug|Any CPU.ActiveCfg = Debug|Any CPU
		{87AC663E-99EE-415A-850F-DF848C2E1516}.Debug|Any CPU.Build.0 = Debug|Any CPU
		{87AC663E-99EE-415A-850F-DF848C2E1516}.Release|Any CPU.ActiveCfg = Release|Any CPU
		{87AC663E-99EE-415A-850F-DF848C2E1516}.Release|Any CPU.Build.0 = Release|Any CPU
	EndGlobalSection
	GlobalSection(SolutionProperties) = preSolution
		HideSolutionNode = FALSE
	EndGlobalSection
	GlobalSection(NestedProjects) = preSolution
		{C2BA79C6-D01C-4437-B20C-8A657C27B3F4} = {5446A298-FF57-4F47-BE7E-275294705642}
		{E14EB9AF-223D-42CA-A93C-34556754ABD1} = {9FAC6107-AE69-4DA4-A179-CE712700AD3A}
		{ADC43052-F604-493A-962F-3D023D6C7D44} = {9FAC6107-AE69-4DA4-A179-CE712700AD3A}
		{D022615C-2126-4130-800D-8C101D2E56C9} = {5446A298-FF57-4F47-BE7E-275294705642}
		{95008472-C3B4-4FE1-8F8B-9AE8F40C6DF2} = {5446A298-FF57-4F47-BE7E-275294705642}
		{A6C668DF-074E-4C16-8BF1-0815E4A962CD} = {5446A298-FF57-4F47-BE7E-275294705642}
		{87AC663E-99EE-415A-850F-DF848C2E1516} = {A6C668DF-074E-4C16-8BF1-0815E4A962CD}
	EndGlobalSection
	GlobalSection(ExtensibilityGlobals) = postSolution
		SolutionGuid = {F3D98EAA-E4CE-49FD-A193-5E4BEBBC1561}
	EndGlobalSection
EndGlobal
